// !$*UTF8*$!
{
	archiveVersion = 1;
	classes = {
	};
	objectVersion = 48;
	objects = {

/* Begin PBXBuildFile section */
		BE1BD40E2045B69800EF9178 /* AppDelegate.swift in Sources */ = {isa = PBXBuildFile; fileRef = BE1BD40D2045B69800EF9178 /* AppDelegate.swift */; };
		BE1BD4102045B69800EF9178 /* ViewController.swift in Sources */ = {isa = PBXBuildFile; fileRef = BE1BD40F2045B69800EF9178 /* ViewController.swift */; };
		BE1BD4132045B69800EF9178 /* Main.storyboard in Resources */ = {isa = PBXBuildFile; fileRef = BE1BD4112045B69800EF9178 /* Main.storyboard */; };
		BE1BD4152045B69800EF9178 /* Assets.xcassets in Resources */ = {isa = PBXBuildFile; fileRef = BE1BD4142045B69800EF9178 /* Assets.xcassets */; };
		BE1BD4182045B69800EF9178 /* LaunchScreen.storyboard in Resources */ = {isa = PBXBuildFile; fileRef = BE1BD4162045B69800EF9178 /* LaunchScreen.storyboard */; };
		BE1BD4232045B69900EF9178 /* WheatherTests.swift in Sources */ = {isa = PBXBuildFile; fileRef = BE1BD4222045B69900EF9178 /* WheatherTests.swift */; };
		BE1BD42E2045B69900EF9178 /* WheatherUITests.swift in Sources */ = {isa = PBXBuildFile; fileRef = BE1BD42D2045B69900EF9178 /* WheatherUITests.swift */; };
		DE85C6E37CD5CF8755269250 /* Pods_Wheather.framework in Frameworks */ = {isa = PBXBuildFile; fileRef = 0B69E9CAA4D67BEEE1AD4A57 /* Pods_Wheather.framework */; };
/* End PBXBuildFile section */

/* Begin PBXContainerItemProxy section */
		BE1BD41F2045B69900EF9178 /* PBXContainerItemProxy */ = {
			isa = PBXContainerItemProxy;
			containerPortal = BE1BD4022045B69800EF9178 /* Project object */;
			proxyType = 1;
			remoteGlobalIDString = BE1BD4092045B69800EF9178;
			remoteInfo = Wheather;
		};
		BE1BD42A2045B69900EF9178 /* PBXContainerItemProxy */ = {
			isa = PBXContainerItemProxy;
			containerPortal = BE1BD4022045B69800EF9178 /* Project object */;
			proxyType = 1;
			remoteGlobalIDString = BE1BD4092045B69800EF9178;
			remoteInfo = Wheather;
		};
/* End PBXContainerItemProxy section */

/* Begin PBXFileReference section */
		0B69E9CAA4D67BEEE1AD4A57 /* Pods_Wheather.framework */ = {isa = PBXFileReference; explicitFileType = wrapper.framework; includeInIndex = 0; path = Pods_Wheather.framework; sourceTree = BUILT_PRODUCTS_DIR; };
		7B6483075D8C867CF028873A /* Pods-Wheather.debug.xcconfig */ = {isa = PBXFileReference; includeInIndex = 1; lastKnownFileType = text.xcconfig; name = "Pods-Wheather.debug.xcconfig"; path = "Pods/Target Support Files/Pods-Wheather/Pods-Wheather.debug.xcconfig"; sourceTree = "<group>"; };
		89C2C426106B917078F4A4EA /* Pods-Wheather.release.xcconfig */ = {isa = PBXFileReference; includeInIndex = 1; lastKnownFileType = text.xcconfig; name = "Pods-Wheather.release.xcconfig"; path = "Pods/Target Support Files/Pods-Wheather/Pods-Wheather.release.xcconfig"; sourceTree = "<group>"; };
		BE1BD40A2045B69800EF9178 /* Wheather.app */ = {isa = PBXFileReference; explicitFileType = wrapper.application; includeInIndex = 0; path = Wheather.app; sourceTree = BUILT_PRODUCTS_DIR; };
		BE1BD40D2045B69800EF9178 /* AppDelegate.swift */ = {isa = PBXFileReference; lastKnownFileType = sourcecode.swift; path = AppDelegate.swift; sourceTree = "<group>"; };
		BE1BD40F2045B69800EF9178 /* ViewController.swift */ = {isa = PBXFileReference; lastKnownFileType = sourcecode.swift; path = ViewController.swift; sourceTree = "<group>"; };
		BE1BD4122045B69800EF9178 /* Base */ = {isa = PBXFileReference; lastKnownFileType = file.storyboard; name = Base; path = Base.lproj/Main.storyboard; sourceTree = "<group>"; };
		BE1BD4142045B69800EF9178 /* Assets.xcassets */ = {isa = PBXFileReference; lastKnownFileType = folder.assetcatalog; path = Assets.xcassets; sourceTree = "<group>"; };
		BE1BD4172045B69800EF9178 /* Base */ = {isa = PBXFileReference; lastKnownFileType = file.storyboard; name = Base; path = Base.lproj/LaunchScreen.storyboard; sourceTree = "<group>"; };
		BE1BD4192045B69800EF9178 /* Info.plist */ = {isa = PBXFileReference; lastKnownFileType = text.plist.xml; path = Info.plist; sourceTree = "<group>"; };
		BE1BD41E2045B69900EF9178 /* WheatherTests.xctest */ = {isa = PBXFileReference; explicitFileType = wrapper.cfbundle; includeInIndex = 0; path = WheatherTests.xctest; sourceTree = BUILT_PRODUCTS_DIR; };
		BE1BD4222045B69900EF9178 /* WheatherTests.swift */ = {isa = PBXFileReference; lastKnownFileType = sourcecode.swift; path = WheatherTests.swift; sourceTree = "<group>"; };
		BE1BD4242045B69900EF9178 /* Info.plist */ = {isa = PBXFileReference; lastKnownFileType = text.plist.xml; path = Info.plist; sourceTree = "<group>"; };
		BE1BD4292045B69900EF9178 /* WheatherUITests.xctest */ = {isa = PBXFileReference; explicitFileType = wrapper.cfbundle; includeInIndex = 0; path = WheatherUITests.xctest; sourceTree = BUILT_PRODUCTS_DIR; };
		BE1BD42D2045B69900EF9178 /* WheatherUITests.swift */ = {isa = PBXFileReference; lastKnownFileType = sourcecode.swift; path = WheatherUITests.swift; sourceTree = "<group>"; };
		BE1BD42F2045B69900EF9178 /* Info.plist */ = {isa = PBXFileReference; lastKnownFileType = text.plist.xml; path = Info.plist; sourceTree = "<group>"; };
/* End PBXFileReference section */

/* Begin PBXFrameworksBuildPhase section */
		BE1BD4072045B69800EF9178 /* Frameworks */ = {
			isa = PBXFrameworksBuildPhase;
			buildActionMask = 2147483647;
			files = (
				DE85C6E37CD5CF8755269250 /* Pods_Wheather.framework in Frameworks */,
			);
			runOnlyForDeploymentPostprocessing = 0;
		};
		BE1BD41B2045B69900EF9178 /* Frameworks */ = {
			isa = PBXFrameworksBuildPhase;
			buildActionMask = 2147483647;
			files = (
			);
			runOnlyForDeploymentPostprocessing = 0;
		};
		BE1BD4262045B69900EF9178 /* Frameworks */ = {
			isa = PBXFrameworksBuildPhase;
			buildActionMask = 2147483647;
			files = (
			);
			runOnlyForDeploymentPostprocessing = 0;
		};
/* End PBXFrameworksBuildPhase section */

/* Begin PBXGroup section */
		1624B35D095DAE9B170EEAB0 /* Pods */ = {
			isa = PBXGroup;
			children = (
				7B6483075D8C867CF028873A /* Pods-Wheather.debug.xcconfig */,
				89C2C426106B917078F4A4EA /* Pods-Wheather.release.xcconfig */,
			);
			name = Pods;
			sourceTree = "<group>";
		};
		A6A5089CE97C725561F5EBF1 /* Frameworks */ = {
			isa = PBXGroup;
			children = (
				0B69E9CAA4D67BEEE1AD4A57 /* Pods_Wheather.framework */,
			);
			name = Frameworks;
			sourceTree = "<group>";
		};
		BE1BD4012045B69800EF9178 = {
			isa = PBXGroup;
			children = (
				BE1BD40C2045B69800EF9178 /* Wheather */,
				BE1BD4212045B69900EF9178 /* WheatherTests */,
				BE1BD42C2045B69900EF9178 /* WheatherUITests */,
				BE1BD40B2045B69800EF9178 /* Products */,
				1624B35D095DAE9B170EEAB0 /* Pods */,
				A6A5089CE97C725561F5EBF1 /* Frameworks */,
			);
			sourceTree = "<group>";
		};
		BE1BD40B2045B69800EF9178 /* Products */ = {
			isa = PBXGroup;
			children = (
				BE1BD40A2045B69800EF9178 /* Wheather.app */,
				BE1BD41E2045B69900EF9178 /* WheatherTests.xctest */,
				BE1BD4292045B69900EF9178 /* WheatherUITests.xctest */,
			);
			name = Products;
			sourceTree = "<group>";
		};
		BE1BD40C2045B69800EF9178 /* Wheather */ = {
			isa = PBXGroup;
			children = (
				BE1BD40D2045B69800EF9178 /* AppDelegate.swift */,
				BE1BD40F2045B69800EF9178 /* ViewController.swift */,
				BE1BD4112045B69800EF9178 /* Main.storyboard */,
				BE1BD4142045B69800EF9178 /* Assets.xcassets */,
				BE1BD4162045B69800EF9178 /* LaunchScreen.storyboard */,
				BE1BD4192045B69800EF9178 /* Info.plist */,
			);
			path = Wheather;
			sourceTree = "<group>";
		};
		BE1BD4212045B69900EF9178 /* WheatherTests */ = {
			isa = PBXGroup;
			children = (
				BE1BD4222045B69900EF9178 /* WheatherTests.swift */,
				BE1BD4242045B69900EF9178 /* Info.plist */,
			);
			path = WheatherTests;
			sourceTree = "<group>";
		};
		BE1BD42C2045B69900EF9178 /* WheatherUITests */ = {
			isa = PBXGroup;
			children = (
				BE1BD42D2045B69900EF9178 /* WheatherUITests.swift */,
				BE1BD42F2045B69900EF9178 /* Info.plist */,
			);
			path = WheatherUITests;
			sourceTree = "<group>";
		};
/* End PBXGroup section */

/* Begin PBXNativeTarget section */
		BE1BD4092045B69800EF9178 /* Wheather */ = {
			isa = PBXNativeTarget;
			buildConfigurationList = BE1BD4322045B69900EF9178 /* Build configuration list for PBXNativeTarget "Wheather" */;
			buildPhases = (
				CB7B2340453474C18110A6FF /* [CP] Check Pods Manifest.lock */,
				BE1BD4062045B69800EF9178 /* Sources */,
				BE1BD4072045B69800EF9178 /* Frameworks */,
				BE1BD4082045B69800EF9178 /* Resources */,
				C90E4B5FF33C57AEB4488863 /* [CP] Embed Pods Frameworks */,
				00238E056189B5EEAE364D66 /* [CP] Copy Pods Resources */,
			);
			buildRules = (
			);
			dependencies = (
			);
			name = Wheather;
			productName = Wheather;
			productReference = BE1BD40A2045B69800EF9178 /* Wheather.app */;
			productType = "com.apple.product-type.application";
		};
		BE1BD41D2045B69900EF9178 /* WheatherTests */ = {
			isa = PBXNativeTarget;
			buildConfigurationList = BE1BD4352045B69900EF9178 /* Build configuration list for PBXNativeTarget "WheatherTests" */;
			buildPhases = (
				BE1BD41A2045B69900EF9178 /* Sources */,
				BE1BD41B2045B69900EF9178 /* Frameworks */,
				BE1BD41C2045B69900EF9178 /* Resources */,
			);
			buildRules = (
			);
			dependencies = (
				BE1BD4202045B69900EF9178 /* PBXTargetDependency */,
			);
			name = WheatherTests;
			productName = WheatherTests;
			productReference = BE1BD41E2045B69900EF9178 /* WheatherTests.xctest */;
			productType = "com.apple.product-type.bundle.unit-test";
		};
		BE1BD4282045B69900EF9178 /* WheatherUITests */ = {
			isa = PBXNativeTarget;
			buildConfigurationList = BE1BD4382045B69900EF9178 /* Build configuration list for PBXNativeTarget "WheatherUITests" */;
			buildPhases = (
				BE1BD4252045B69900EF9178 /* Sources */,
				BE1BD4262045B69900EF9178 /* Frameworks */,
				BE1BD4272045B69900EF9178 /* Resources */,
			);
			buildRules = (
			);
			dependencies = (
				BE1BD42B2045B69900EF9178 /* PBXTargetDependency */,
			);
			name = WheatherUITests;
			productName = WheatherUITests;
			productReference = BE1BD4292045B69900EF9178 /* WheatherUITests.xctest */;
			productType = "com.apple.product-type.bundle.ui-testing";
		};
/* End PBXNativeTarget section */

/* Begin PBXProject section */
		BE1BD4022045B69800EF9178 /* Project object */ = {
			isa = PBXProject;
			attributes = {
				LastSwiftUpdateCheck = 0920;
				LastUpgradeCheck = 0920;
				ORGANIZATIONNAME = RetApps;
				TargetAttributes = {
					BE1BD4092045B69800EF9178 = {
						CreatedOnToolsVersion = 9.2;
						ProvisioningStyle = Automatic;
					};
					BE1BD41D2045B69900EF9178 = {
						CreatedOnToolsVersion = 9.2;
						ProvisioningStyle = Automatic;
						TestTargetID = BE1BD4092045B69800EF9178;
					};
					BE1BD4282045B69900EF9178 = {
						CreatedOnToolsVersion = 9.2;
						ProvisioningStyle = Automatic;
						TestTargetID = BE1BD4092045B69800EF9178;
					};
				};
			};
			buildConfigurationList = BE1BD4052045B69800EF9178 /* Build configuration list for PBXProject "Wheather" */;
			compatibilityVersion = "Xcode 8.0";
			developmentRegion = en;
			hasScannedForEncodings = 0;
			knownRegions = (
				en,
				Base,
			);
			mainGroup = BE1BD4012045B69800EF9178;
			productRefGroup = BE1BD40B2045B69800EF9178 /* Products */;
			projectDirPath = "";
			projectRoot = "";
			targets = (
				BE1BD4092045B69800EF9178 /* Wheather */,
				BE1BD41D2045B69900EF9178 /* WheatherTests */,
				BE1BD4282045B69900EF9178 /* WheatherUITests */,
			);
		};
/* End PBXProject section */

/* Begin PBXResourcesBuildPhase section */
		BE1BD4082045B69800EF9178 /* Resources */ = {
			isa = PBXResourcesBuildPhase;
			buildActionMask = 2147483647;
			files = (
				BE1BD4182045B69800EF9178 /* LaunchScreen.storyboard in Resources */,
				BE1BD4152045B69800EF9178 /* Assets.xcassets in Resources */,
				BE1BD4132045B69800EF9178 /* Main.storyboard in Resources */,
			);
			runOnlyForDeploymentPostprocessing = 0;
		};
		BE1BD41C2045B69900EF9178 /* Resources */ = {
			isa = PBXResourcesBuildPhase;
			buildActionMask = 2147483647;
			files = (
			);
			runOnlyForDeploymentPostprocessing = 0;
		};
		BE1BD4272045B69900EF9178 /* Resources */ = {
			isa = PBXResourcesBuildPhase;
			buildActionMask = 2147483647;
			files = (
			);
			runOnlyForDeploymentPostprocessing = 0;
		};
/* End PBXResourcesBuildPhase section */

/* Begin PBXShellScriptBuildPhase section */
		00238E056189B5EEAE364D66 /* [CP] Copy Pods Resources */ = {
			isa = PBXShellScriptBuildPhase;
			buildActionMask = 2147483647;
			files = (
			);
			inputPaths = (
			);
			name = "[CP] Copy Pods Resources";
			outputPaths = (
			);
			runOnlyForDeploymentPostprocessing = 0;
			shellPath = /bin/sh;
			shellScript = "\"${SRCROOT}/Pods/Target Support Files/Pods-Wheather/Pods-Wheather-resources.sh\"\n";
			showEnvVarsInLog = 0;
		};
		C90E4B5FF33C57AEB4488863 /* [CP] Embed Pods Frameworks */ = {
			isa = PBXShellScriptBuildPhase;
			buildActionMask = 2147483647;
			files = (
			);
			inputPaths = (
			);
			name = "[CP] Embed Pods Frameworks";
			outputPaths = (
			);
			runOnlyForDeploymentPostprocessing = 0;
			shellPath = /bin/sh;
			shellScript = "\"${SRCROOT}/Pods/Target Support Files/Pods-Wheather/Pods-Wheather-frameworks.sh\"\n";
			showEnvVarsInLog = 0;
		};
		CB7B2340453474C18110A6FF /* [CP] Check Pods Manifest.lock */ = {
			isa = PBXShellScriptBuildPhase;
			buildActionMask = 2147483647;
			files = (
			);
			inputPaths = (
				"${PODS_PODFILE_DIR_PATH}/Podfile.lock",
				"${PODS_ROOT}/Manifest.lock",
			);
			name = "[CP] Check Pods Manifest.lock";
			outputPaths = (
				"$(DERIVED_FILE_DIR)/Pods-Wheather-checkManifestLockResult.txt",
			);
			runOnlyForDeploymentPostprocessing = 0;
			shellPath = /bin/sh;
			shellScript = "diff \"${PODS_PODFILE_DIR_PATH}/Podfile.lock\" \"${PODS_ROOT}/Manifest.lock\" > /dev/null\nif [ $? != 0 ] ; then\n    # print error to STDERR\n    echo \"error: The sandbox is not in sync with the Podfile.lock. Run 'pod install' or update your CocoaPods installation.\" >&2\n    exit 1\nfi\n# This output is used by Xcode 'outputs' to avoid re-running this script phase.\necho \"SUCCESS\" > \"${SCRIPT_OUTPUT_FILE_0}\"\n";
			showEnvVarsInLog = 0;
		};
/* End PBXShellScriptBuildPhase section */

/* Begin PBXSourcesBuildPhase section */
		BE1BD4062045B69800EF9178 /* Sources */ = {
			isa = PBXSourcesBuildPhase;
			buildActionMask = 2147483647;
			files = (
				BE1BD4102045B69800EF9178 /* ViewController.swift in Sources */,
				BE1BD40E2045B69800EF9178 /* AppDelegate.swift in Sources */,
			);
			runOnlyForDeploymentPostprocessing = 0;
		};
		BE1BD41A2045B69900EF9178 /* Sources */ = {
			isa = PBXSourcesBuildPhase;
			buildActionMask = 2147483647;
			files = (
				BE1BD4232045B69900EF9178 /* WheatherTests.swift in Sources */,
			);
			runOnlyForDeploymentPostprocessing = 0;
		};
		BE1BD4252045B69900EF9178 /* Sources */ = {
			isa = PBXSourcesBuildPhase;
			buildActionMask = 2147483647;
			files = (
				BE1BD42E2045B69900EF9178 /* WheatherUITests.swift in Sources */,
			);
			runOnlyForDeploymentPostprocessing = 0;
		};
/* End PBXSourcesBuildPhase section */

/* Begin PBXTargetDependency section */
		BE1BD4202045B69900EF9178 /* PBXTargetDependency */ = {
			isa = PBXTargetDependency;
			target = BE1BD4092045B69800EF9178 /* Wheather */;
			targetProxy = BE1BD41F2045B69900EF9178 /* PBXContainerItemProxy */;
		};
		BE1BD42B2045B69900EF9178 /* PBXTargetDependency */ = {
			isa = PBXTargetDependency;
			target = BE1BD4092045B69800EF9178 /* Wheather */;
			targetProxy = BE1BD42A2045B69900EF9178 /* PBXContainerItemProxy */;
		};
/* End PBXTargetDependency section */

/* Begin PBXVariantGroup section */
		BE1BD4112045B69800EF9178 /* Main.storyboard */ = {
			isa = PBXVariantGroup;
			children = (
				BE1BD4122045B69800EF9178 /* Base */,
			);
			name = Main.storyboard;
			sourceTree = "<group>";
		};
		BE1BD4162045B69800EF9178 /* LaunchScreen.storyboard */ = {
			isa = PBXVariantGroup;
			children = (
				BE1BD4172045B69800EF9178 /* Base */,
			);
			name = LaunchScreen.storyboard;
			sourceTree = "<group>";
		};
/* End PBXVariantGroup section */

/* Begin XCBuildConfiguration section */
		BE1BD4302045B69900EF9178 /* Debug */ = {
			isa = XCBuildConfiguration;
			buildSettings = {
				ALWAYS_SEARCH_USER_PATHS = NO;
				CLANG_ANALYZER_NONNULL = YES;
				CLANG_ANALYZER_NUMBER_OBJECT_CONVERSION = YES_AGGRESSIVE;
				CLANG_CXX_LANGUAGE_STANDARD = "gnu++14";
				CLANG_CXX_LIBRARY = "libc++";
				CLANG_ENABLE_MODULES = YES;
				CLANG_ENABLE_OBJC_ARC = YES;
				CLANG_WARN_BLOCK_CAPTURE_AUTORELEASING = YES;
				CLANG_WARN_BOOL_CONVERSION = YES;
				CLANG_WARN_COMMA = YES;
				CLANG_WARN_CONSTANT_CONVERSION = YES;
				CLANG_WARN_DIRECT_OBJC_ISA_USAGE = YES_ERROR;
				CLANG_WARN_DOCUMENTATION_COMMENTS = YES;
				CLANG_WARN_EMPTY_BODY = YES;
				CLANG_WARN_ENUM_CONVERSION = YES;
				CLANG_WARN_INFINITE_RECURSION = YES;
				CLANG_WARN_INT_CONVERSION = YES;
				CLANG_WARN_NON_LITERAL_NULL_CONVERSION = YES;
				CLANG_WARN_OBJC_LITERAL_CONVERSION = YES;
				CLANG_WARN_OBJC_ROOT_CLASS = YES_ERROR;
				CLANG_WARN_RANGE_LOOP_ANALYSIS = YES;
				CLANG_WARN_STRICT_PROTOTYPES = YES;
				CLANG_WARN_SUSPICIOUS_MOVE = YES;
				CLANG_WARN_UNGUARDED_AVAILABILITY = YES_AGGRESSIVE;
				CLANG_WARN_UNREACHABLE_CODE = YES;
				CLANG_WARN__DUPLICATE_METHOD_MATCH = YES;
				CODE_SIGN_IDENTITY = "iPhone Developer";
				COPY_PHASE_STRIP = NO;
				DEBUG_INFORMATION_FORMAT = dwarf;
				ENABLE_STRICT_OBJC_MSGSEND = YES;
				ENABLE_TESTABILITY = YES;
				GCC_C_LANGUAGE_STANDARD = gnu11;
				GCC_DYNAMIC_NO_PIC = NO;
				GCC_NO_COMMON_BLOCKS = YES;
				GCC_OPTIMIZATION_LEVEL = 0;
				GCC_PREPROCESSOR_DEFINITIONS = (
					"DEBUG=1",
					"$(inherited)",
				);
				GCC_WARN_64_TO_32_BIT_CONVERSION = YES;
				GCC_WARN_ABOUT_RETURN_TYPE = YES_ERROR;
				GCC_WARN_UNDECLARED_SELECTOR = YES;
				GCC_WARN_UNINITIALIZED_AUTOS = YES_AGGRESSIVE;
				GCC_WARN_UNUSED_FUNCTION = YES;
				GCC_WARN_UNUSED_VARIABLE = YES;
				IPHONEOS_DEPLOYMENT_TARGET = 11.2;
				MTL_ENABLE_DEBUG_INFO = YES;
				ONLY_ACTIVE_ARCH = YES;
				SDKROOT = iphoneos;
				SWIFT_ACTIVE_COMPILATION_CONDITIONS = DEBUG;
				SWIFT_OPTIMIZATION_LEVEL = "-Onone";
			};
			name = Debug;
		};
		BE1BD4312045B69900EF9178 /* Release */ = {
			isa = XCBuildConfiguration;
			buildSettings = {
				ALWAYS_SEARCH_USER_PATHS = NO;
				CLANG_ANALYZER_NONNULL = YES;
				CLANG_ANALYZER_NUMBER_OBJECT_CONVERSION = YES_AGGRESSIVE;
				CLANG_CXX_LANGUAGE_STANDARD = "gnu++14";
				CLANG_CXX_LIBRARY = "libc++";
				CLANG_ENABLE_MODULES = YES;
				CLANG_ENABLE_OBJC_ARC = YES;
				CLANG_WARN_BLOCK_CAPTURE_AUTORELEASING = YES;
				CLANG_WARN_BOOL_CONVERSION = YES;
				CLANG_WARN_COMMA = YES;
				CLANG_WARN_CONSTANT_CONVERSION = YES;
				CLANG_WARN_DIRECT_OBJC_ISA_USAGE = YES_ERROR;
				CLANG_WARN_DOCUMENTATION_COMMENTS = YES;
				CLANG_WARN_EMPTY_BODY = YES;
				CLANG_WARN_ENUM_CONVERSION = YES;
				CLANG_WARN_INFINITE_RECURSION = YES;
				CLANG_WARN_INT_CONVERSION = YES;
				CLANG_WARN_NON_LITERAL_NULL_CONVERSION = YES;
				CLANG_WARN_OBJC_LITERAL_CONVERSION = YES;
				CLANG_WARN_OBJC_ROOT_CLASS = YES_ERROR;
				CLANG_WARN_RANGE_LOOP_ANALYSIS = YES;
				CLANG_WARN_STRICT_PROTOTYPES = YES;
				CLANG_WARN_SUSPICIOUS_MOVE = YES;
				CLANG_WARN_UNGUARDED_AVAILABILITY = YES_AGGRESSIVE;
				CLANG_WARN_UNREACHABLE_CODE = YES;
				CLANG_WARN__DUPLICATE_METHOD_MATCH = YES;
				CODE_SIGN_IDENTITY = "iPhone Developer";
				COPY_PHASE_STRIP = NO;
				DEBUG_INFORMATION_FORMAT = "dwarf-with-dsym";
				ENABLE_NS_ASSERTIONS = NO;
				ENABLE_STRICT_OBJC_MSGSEND = YES;
				GCC_C_LANGUAGE_STANDARD = gnu11;
				GCC_NO_COMMON_BLOCKS = YES;
				GCC_WARN_64_TO_32_BIT_CONVERSION = YES;
				GCC_WARN_ABOUT_RETURN_TYPE = YES_ERROR;
				GCC_WARN_UNDECLARED_SELECTOR = YES;
				GCC_WARN_UNINITIALIZED_AUTOS = YES_AGGRESSIVE;
				GCC_WARN_UNUSED_FUNCTION = YES;
				GCC_WARN_UNUSED_VARIABLE = YES;
				IPHONEOS_DEPLOYMENT_TARGET = 11.2;
				MTL_ENABLE_DEBUG_INFO = NO;
				SDKROOT = iphoneos;
				SWIFT_OPTIMIZATION_LEVEL = "-Owholemodule";
				VALIDATE_PRODUCT = YES;
			};
			name = Release;
		};
		BE1BD4332045B69900EF9178 /* Debug */ = {
			isa = XCBuildConfiguration;
			baseConfigurationReference = 7B6483075D8C867CF028873A /* Pods-Wheather.debug.xcconfig */;
			buildSettings = {
				ASSETCATALOG_COMPILER_APPICON_NAME = AppIcon;
				CODE_SIGN_STYLE = Automatic;
				DEVELOPMENT_TEAM = VKH3GCQ85S;
				INFOPLIST_FILE = Wheather/Info.plist;
				LD_RUNPATH_SEARCH_PATHS = "$(inherited) @executable_path/Frameworks";
				PRODUCT_BUNDLE_IDENTIFIER = com.RetApps.Wheather;
				PRODUCT_NAME = "$(TARGET_NAME)";
				SWIFT_VERSION = 4.0;
				TARGETED_DEVICE_FAMILY = "1,2";
			};
			name = Debug;
		};
		BE1BD4342045B69900EF9178 /* Release */ = {
			isa = XCBuildConfiguration;
			baseConfigurationReference = 89C2C426106B917078F4A4EA /* Pods-Wheather.release.xcconfig */;
			buildSettings = {
				ASSETCATALOG_COMPILER_APPICON_NAME = AppIcon;
				CODE_SIGN_STYLE = Automatic;
				DEVELOPMENT_TEAM = VKH3GCQ85S;
				INFOPLIST_FILE = Wheather/Info.plist;
				LD_RUNPATH_SEARCH_PATHS = "$(inherited) @executable_path/Frameworks";
				PRODUCT_BUNDLE_IDENTIFIER = com.RetApps.Wheather;
				PRODUCT_NAME = "$(TARGET_NAME)";
				SWIFT_VERSION = 4.0;
				TARGETED_DEVICE_FAMILY = "1,2";
			};
			name = Release;
		};
		BE1BD4362045B69900EF9178 /* Debug */ = {
			isa = XCBuildConfiguration;
			buildSettings = {
				ALWAYS_EMBED_SWIFT_STANDARD_LIBRARIES = YES;
				BUNDLE_LOADER = "$(TEST_HOST)";
				CODE_SIGN_STYLE = Automatic;
				DEVELOPMENT_TEAM = VKH3GCQ85S;
				INFOPLIST_FILE = WheatherTests/Info.plist;
				LD_RUNPATH_SEARCH_PATHS = "$(inherited) @executable_path/Frameworks @loader_path/Frameworks";
				PRODUCT_BUNDLE_IDENTIFIER = com.RetApps.WheatherTests;
				PRODUCT_NAME = "$(TARGET_NAME)";
				SWIFT_VERSION = 4.0;
				TARGETED_DEVICE_FAMILY = "1,2";
				TEST_HOST = "$(BUILT_PRODUCTS_DIR)/Wheather.app/Wheather";
			};
			name = Debug;
		};
		BE1BD4372045B69900EF9178 /* Release */ = {
			isa = XCBuildConfiguration;
			buildSettings = {
				ALWAYS_EMBED_SWIFT_STANDARD_LIBRARIES = YES;
				BUNDLE_LOADER = "$(TEST_HOST)";
				CODE_SIGN_STYLE = Automatic;
				DEVELOPMENT_TEAM = VKH3GCQ85S;
				INFOPLIST_FILE = WheatherTests/Info.plist;
				LD_RUNPATH_SEARCH_PATHS = "$(inherited) @executable_path/Frameworks @loader_path/Frameworks";
				PRODUCT_BUNDLE_IDENTIFIER = com.RetApps.WheatherTests;
				PRODUCT_NAME = "$(TARGET_NAME)";
				SWIFT_VERSION = 4.0;
				TARGETED_DEVICE_FAMILY = "1,2";
				TEST_HOST = "$(BUILT_PRODUCTS_DIR)/Wheather.app/Wheather";
			};
			name = Release;
		};
		BE1BD4392045B69900EF9178 /* Debug */ = {
			isa = XCBuildConfiguration;
			buildSettings = {
				ALWAYS_EMBED_SWIFT_STANDARD_LIBRARIES = YES;
				CODE_SIGN_STYLE = Automatic;
				DEVELOPMENT_TEAM = VKH3GCQ85S;
				INFOPLIST_FILE = WheatherUITests/Info.plist;
				LD_RUNPATH_SEARCH_PATHS = "$(inherited) @executable_path/Frameworks @loader_path/Frameworks";
				PRODUCT_BUNDLE_IDENTIFIER = com.RetApps.WheatherUITests;
				PRODUCT_NAME = "$(TARGET_NAME)";
				SWIFT_VERSION = 4.0;
				TARGETED_DEVICE_FAMILY = "1,2";
				TEST_TARGET_NAME = Wheather;
			};
			name = Debug;
		};
		BE1BD43A2045B69900EF9178 /* Release */ = {
			isa = XCBuildConfiguration;
			buildSettings = {
				ALWAYS_EMBED_SWIFT_STANDARD_LIBRARIES = YES;
				CODE_SIGN_STYLE = Automatic;
				DEVELOPMENT_TEAM = VKH3GCQ85S;
				INFOPLIST_FILE = WheatherUITests/Info.plist;
				LD_RUNPATH_SEARCH_PATHS = "$(inherited) @executable_path/Frameworks @loader_path/Frameworks";
				PRODUCT_BUNDLE_IDENTIFIER = com.RetApps.WheatherUITests;
				PRODUCT_NAME = "$(TARGET_NAME)";
				SWIFT_VERSION = 4.0;
				TARGETED_DEVICE_FAMILY = "1,2";
				TEST_TARGET_NAME = Wheather;
			};
			name = Release;
		};
/* End XCBuildConfiguration section */

/* Begin XCConfigurationList section */
		BE1BD4052045B69800EF9178 /* Build configuration list for PBXProject "Wheather" */ = {
			isa = XCConfigurationList;
			buildConfigurations = (
				BE1BD4302045B69900EF9178 /* Debug */,
				BE1BD4312045B69900EF9178 /* Release */,
			);
			defaultConfigurationIsVisible = 0;
			defaultConfigurationName = Release;
		};
		BE1BD4322045B69900EF9178 /* Build configuration list for PBXNativeTarget "Wheather" */ = {
			isa = XCConfigurationList;
			buildConfigurations = (
				BE1BD4332045B69900EF9178 /* Debug */,
				BE1BD4342045B69900EF9178 /* Release */,
			);
			defaultConfigurationIsVisible = 0;
			defaultConfigurationName = Release;
		};
		BE1BD4352045B69900EF9178 /* Build configuration list for PBXNativeTarget "WheatherTests" */ = {
			isa = XCConfigurationList;
			buildConfigurations = (
				BE1BD4362045B69900EF9178 /* Debug */,
				BE1BD4372045B69900EF9178 /* Release */,
			);
			defaultConfigurationIsVisible = 0;
			defaultConfigurationName = Release;
		};
		BE1BD4382045B69900EF9178 /* Build configuration list for PBXNativeTarget "WheatherUITests" */ = {
			isa = XCConfigurationList;
			buildConfigurations = (
				BE1BD4392045B69900EF9178 /* Debug */,
				BE1BD43A2045B69900EF9178 /* Release */,
			);
			defaultConfigurationIsVisible = 0;
			defaultConfigurationName = Release;
		};
/* End XCConfigurationList section */
	};
	rootObject = BE1BD4022045B69800EF9178 /* Project object */;
}
